<Solution>
  <Folder Name="/Elementos de la solución/">
    <File Path="REadme.txt" />
  </Folder>
  <Project Path="APIAppItems/APIAppItems.csproj" Id="7778890f-f496-4b9f-a7a4-d3a6a975c203" />
  <Project Path="ApplicationComponent/ApplicationComponent.csproj" Id="2f47cacd-76b9-4379-b010-5ac662d909dc" />
  <Project Path="ConsoleAppItems/ConsoleAppItems.csproj" Id="b92031a3-a90e-4988-aef9-793947529e10" />
  <Project Path="Domain/DomainComponent.csproj" />
  <Project Path="Infrastructure.Component/Infrastructure.Repository.csproj" Id="aac6ed9f-c626-424e-8d37-b8e5e7f70528" />
  <Project Path="MapperComponent/MapperComponent.csproj" Id="c1e4138a-a48d-4e42-9504-a8afa18e7d4c" />
</Solution>
